// !$*UTF8*$!
{
	archiveVersion = 1;
	classes = {
	};
	objectVersion = 77;
	objects = {

/* Begin PBXContainerItemProxy section */
		C7BC6EB02E05AC160048470C /* PBXContainerItemProxy */ = {
			isa = PBXContainerItemProxy;
			containerPortal = C7BC6E992E05AC140048470C /* Project object */;
			proxyType = 1;
			remoteGlobalIDString = C7BC6EA02E05AC140048470C;
			remoteInfo = copyGo;
		};
		C7BC6EBA2E05AC160048470C /* PBXContainerItemProxy */ = {
			isa = PBXContainerItemProxy;
			containerPortal = C7BC6E992E05AC140048470C /* Project object */;
			proxyType = 1;
			remoteGlobalIDString = C7BC6EA02E05AC140048470C;
			remoteInfo = copyGo;
		};
/* End PBXContainerItemProxy section */

/* Begin PBXFileReference section */
		C7BC6EA12E05AC140048470C /* copyGo.app */ = {isa = PBXFileReference; explicitFileType = wrapper.application; includeInIndex = 0; path = copyGo.app; sourceTree = BUILT_PRODUCTS_DIR; };
		C7BC6EAF2E05AC160048470C /* copyGoTests.xctest */ = {isa = PBXFileReference; explicitFileType = wrapper.cfbundle; includeInIndex = 0; path = copyGoTests.xctest; sourceTree = BUILT_PRODUCTS_DIR; };
		C7BC6EB92E05AC160048470C /* copyGoUITests.xctest */ = {isa = PBXFileReference; explicitFileType = wrapper.cfbundle; includeInIndex = 0; path = copyGoUITests.xctest; sourceTree = BUILT_PRODUCTS_DIR; };
/* End PBXFileReference section */

/* Begin PBXFileSystemSynchronizedRootGroup section */
		C7BC6EA32E05AC140048470C /* copyGo */ = {
			isa = PBXFileSystemSynchronizedRootGroup;
			path = copyGo;
			sourceTree = "<group>";
		};
		C7BC6EB22E05AC160048470C /* copyGoTests */ = {
			isa = PBXFileSystemSynchronizedRootGroup;
			path = copyGoTests;
			sourceTree = "<group>";
		};
		C7BC6EBC2E05AC160048470C /* copyGoUITests */ = {
			isa = PBXFileSystemSynchronizedRootGroup;
			path = copyGoUITests;
			sourceTree = "<group>";
		};
/* End PBXFileSystemSynchronizedRootGroup section */

/* Begin PBXFrameworksBuildPhase section */
		C7BC6E9E2E05AC140048470C /* Frameworks */ = {
			isa = PBXFrameworksBuildPhase;
			buildActionMask = 2147483647;
			files = (
			);
			runOnlyForDeploymentPostprocessing = 0;
		};
		C7BC6EAC2E05AC160048470C /* Frameworks */ = {
			isa = PBXFrameworksBuildPhase;
			buildActionMask = 2147483647;
			files = (
			);
			runOnlyForDeploymentPostprocessing = 0;
		};
		C7BC6EB62E05AC160048470C /* Frameworks */ = {
			isa = PBXFrameworksBuildPhase;
			buildActionMask = 2147483647;
			files = (
			);
			runOnlyForDeploymentPostprocessing = 0;
		};
/* End PBXFrameworksBuildPhase section */

/* Begin PBXGroup section */
		C7BC6E982E05AC140048470C = {
			isa = PBXGroup;
			children = (
				C7BC6EA32E05AC140048470C /* copyGo */,
				C7BC6EB22E05AC160048470C /* copyGoTests */,
				C7BC6EBC2E05AC160048470C /* copyGoUITests */,
				C7BC6EA22E05AC140048470C /* Products */,
			);
			sourceTree = "<group>";
		};
		C7BC6EA22E05AC140048470C /* Products */ = {
			isa = PBXGroup;
			children = (
				C7BC6EA12E05AC140048470C /* copyGo.app */,
				C7BC6EAF2E05AC160048470C /* copyGoTests.xctest */,
				C7BC6EB92E05AC160048470C /* copyGoUITests.xctest */,
			);
			name = Products;
			sourceTree = "<group>";
		};
/* End PBXGroup section */

/* Begin PBXNativeTarget section */
		C7BC6EA02E05AC140048470C /* copyGo */ = {
			isa = PBXNativeTarget;
			buildConfigurationList = C7BC6EC32E05AC160048470C /* Build configuration list for PBXNativeTarget "copyGo" */;
			buildPhases = (
				C7BC6E9D2E05AC140048470C /* Sources */,
				C7BC6E9E2E05AC140048470C /* Frameworks */,
				C7BC6E9F2E05AC140048470C /* Resources */,
			);
			buildRules = (
			);
			dependencies = (
			);
			fileSystemSynchronizedGroups = (
				C7BC6EA32E05AC140048470C /* copyGo */,
			);
			name = copyGo;
			packageProductDependencies = (
			);
			productName = copyGo;
			productReference = C7BC6EA12E05AC140048470C /* copyGo.app */;
			productType = "com.apple.product-type.application";
		};
		C7BC6EAE2E05AC160048470C /* copyGoTests */ = {
			isa = PBXNativeTarget;
			buildConfigurationList = C7BC6EC62E05AC160048470C /* Build configuration list for PBXNativeTarget "copyGoTests" */;
			buildPhases = (
				C7BC6EAB2E05AC160048470C /* Sources */,
				C7BC6EAC2E05AC160048470C /* Frameworks */,
				C7BC6EAD2E05AC160048470C /* Resources */,
			);
			buildRules = (
			);
			dependencies = (
				C7BC6EB12E05AC160048470C /* PBXTargetDependency */,
			);
			fileSystemSynchronizedGroups = (
				C7BC6EB22E05AC160048470C /* copyGoTests */,
			);
			name = copyGoTests;
			packageProductDependencies = (
			);
			productName = copyGoTests;
			productReference = C7BC6EAF2E05AC160048470C /* copyGoTests.xctest */;
			productType = "com.apple.product-type.bundle.unit-test";
		};
		C7BC6EB82E05AC160048470C /* copyGoUITests */ = {
			isa = PBXNativeTarget;
			buildConfigurationList = C7BC6EC92E05AC160048470C /* Build configuration list for PBXNativeTarget "copyGoUITests" */;
			buildPhases = (
				C7BC6EB52E05AC160048470C /* Sources */,
				C7BC6EB62E05AC160048470C /* Frameworks */,
				C7BC6EB72E05AC160048470C /* Resources */,
			);
			buildRules = (
			);
			dependencies = (
				C7BC6EBB2E05AC160048470C /* PBXTargetDependency */,
			);
			fileSystemSynchronizedGroups = (
				C7BC6EBC2E05AC160048470C /* copyGoUITests */,
			);
			name = copyGoUITests;
			packageProductDependencies = (
			);
			productName = copyGoUITests;
			productReference = C7BC6EB92E05AC160048470C /* copyGoUITests.xctest */;
			productType = "com.apple.product-type.bundle.ui-testing";
		};
/* End PBXNativeTarget section */

/* Begin PBXProject section */
		C7BC6E992E05AC140048470C /* Project object */ = {
			isa = PBXProject;
			attributes = {
				BuildIndependentTargetsInParallel = 1;
				LastSwiftUpdateCheck = 1640;
				LastUpgradeCheck = 1640;
				TargetAttributes = {
					C7BC6EA02E05AC140048470C = {
						CreatedOnToolsVersion = 16.4;
					};
					C7BC6EAE2E05AC160048470C = {
						CreatedOnToolsVersion = 16.4;
						TestTargetID = C7BC6EA02E05AC140048470C;
					};
					C7BC6EB82E05AC160048470C = {
						CreatedOnToolsVersion = 16.4;
						TestTargetID = C7BC6EA02E05AC140048470C;
					};
				};
			};
			buildConfigurationList = C7BC6E9C2E05AC140048470C /* Build configuration list for PBXProject "copyGo" */;
			developmentRegion = en;
			hasScannedForEncodings = 0;
			knownRegions = (
				en,
				Base,
			);
			mainGroup = C7BC6E982E05AC140048470C;
			minimizedProjectReferenceProxies = 1;
			preferredProjectObjectVersion = 77;
			productRefGroup = C7BC6EA22E05AC140048470C /* Products */;
			projectDirPath = "";
			projectRoot = "";
			targets = (
				C7BC6EA02E05AC140048470C /* copyGo */,
				C7BC6EAE2E05AC160048470C /* copyGoTests */,
				C7BC6EB82E05AC160048470C /* copyGoUITests */,
			);
		};
/* End PBXProject section */

/* Begin PBXResourcesBuildPhase section */
		C7BC6E9F2E05AC140048470C /* Resources */ = {
			isa = PBXResourcesBuildPhase;
			buildActionMask = 2147483647;
			files = (
			);
			runOnlyForDeploymentPostprocessing = 0;
		};
		C7BC6EAD2E05AC160048470C /* Resources */ = {
			isa = PBXResourcesBuildPhase;
			buildActionMask = 2147483647;
			files = (
			);
			runOnlyForDeploymentPostprocessing = 0;
		};
		C7BC6EB72E05AC160048470C /* Resources */ = {
			isa = PBXResourcesBuildPhase;
			buildActionMask = 2147483647;
			files = (
			);
			runOnlyForDeploymentPostprocessing = 0;
		};
/* End PBXResourcesBuildPhase section */

/* Begin PBXSourcesBuildPhase section */
		C7BC6E9D2E05AC140048470C /* Sources */ = {
			isa = PBXSourcesBuildPhase;
			buildActionMask = 2147483647;
			files = (
			);
			runOnlyForDeploymentPostprocessing = 0;
		};
		C7BC6EAB2E05AC160048470C /* Sources */ = {
			isa = PBXSourcesBuildPhase;
			buildActionMask = 2147483647;
			files = (
			);
			runOnlyForDeploymentPostprocessing = 0;
		};
		C7BC6EB52E05AC160048470C /* Sources */ = {
			isa = PBXSourcesBuildPhase;
			buildActionMask = 2147483647;
			files = (
			);
			runOnlyForDeploymentPostprocessing = 0;
		};
/* End PBXSourcesBuildPhase section */

/* Begin PBXTargetDependency section */
		C7BC6EB12E05AC160048470C /* PBXTargetDependency */ = {
			isa = PBXTargetDependency;
			target = C7BC6EA02E05AC140048470C /* copyGo */;
			targetProxy = C7BC6EB02E05AC160048470C /* PBXContainerItemProxy */;
		};
		C7BC6EBB2E05AC160048470C /* PBXTargetDependency */ = {
			isa = PBXTargetDependency;
			target = C7BC6EA02E05AC140048470C /* copyGo */;
			targetProxy = C7BC6EBA2E05AC160048470C /* PBXContainerItemProxy */;
		};
/* End PBXTargetDependency section */

/* Begin XCBuildConfiguration section */
		C7BC6EC12E05AC160048470C /* Debug */ = {
			isa = XCBuildConfiguration;
			buildSettings = {
				ALWAYS_SEARCH_USER_PATHS = NO;
				ASSETCATALOG_COMPILER_GENERATE_SWIFT_ASSET_SYMBOL_EXTENSIONS = YES;
				CLANG_ANALYZER_NONNULL = YES;
				CLANG_ANALYZER_NUMBER_OBJECT_CONVERSION = YES_AGGRESSIVE;
				CLANG_CXX_LANGUAGE_STANDARD = "gnu++20";
				CLANG_ENABLE_MODULES = YES;
				CLANG_ENABLE_OBJC_ARC = YES;
				CLANG_ENABLE_OBJC_WEAK = YES;
				CLANG_WARN_BLOCK_CAPTURE_AUTORELEASING = YES;
				CLANG_WARN_BOOL_CONVERSION = YES;
				CLANG_WARN_COMMA = YES;
				CLANG_WARN_CONSTANT_CONVERSION = YES;
				CLANG_WARN_DEPRECATED_OBJC_IMPLEMENTATIONS = YES;
				CLANG_WARN_DIRECT_OBJC_ISA_USAGE = YES_ERROR;
				CLANG_WARN_DOCUMENTATION_COMMENTS = YES;
				CLANG_WARN_EMPTY_BODY = YES;
				CLANG_WARN_ENUM_CONVERSION = YES;
				CLANG_WARN_INFINITE_RECURSION = YES;
				CLANG_WARN_INT_CONVERSION = YES;
				CLANG_WARN_NON_LITERAL_NULL_CONVERSION = YES;
				CLANG_WARN_OBJC_IMPLICIT_RETAIN_SELF = YES;
				CLANG_WARN_OBJC_LITERAL_CONVERSION = YES;
				CLANG_WARN_OBJC_ROOT_CLASS = YES_ERROR;
				CLANG_WARN_QUOTED_INCLUDE_IN_FRAMEWORK_HEADER = YES;
				CLANG_WARN_RANGE_LOOP_ANALYSIS = YES;
				CLANG_WARN_STRICT_PROTOTYPES = YES;
				CLANG_WARN_SUSPICIOUS_MOVE = YES;
				CLANG_WARN_UNGUARDED_AVAILABILITY = YES_AGGRESSIVE;
				CLANG_WARN_UNREACHABLE_CODE = YES;
				CLANG_WARN__DUPLICATE_METHOD_MATCH = YES;
				COPY_PHASE_STRIP = NO;
				DEBUG_INFORMATION_FORMAT = dwarf;
				DEVELOPMENT_TEAM = RP5GZ99V95;
				ENABLE_STRICT_OBJC_MSGSEND = YES;
				ENABLE_TESTABILITY = YES;
				ENABLE_USER_SCRIPT_SANDBOXING = YES;
				GCC_C_LANGUAGE_STANDARD = gnu17;
				GCC_DYNAMIC_NO_PIC = NO;
				GCC_NO_COMMON_BLOCKS = YES;
				GCC_OPTIMIZATION_LEVEL = 0;
				GCC_PREPROCESSOR_DEFINITIONS = (
					"DEBUG=1",
					"$(inherited)",
				);
				GCC_WARN_64_TO_32_BIT_CONVERSION = YES;
				GCC_WARN_ABOUT_RETURN_TYPE = YES_ERROR;
				GCC_WARN_UNDECLARED_SELECTOR = YES;
				GCC_WARN_UNINITIALIZED_AUTOS = YES_AGGRESSIVE;
				GCC_WARN_UNUSED_FUNCTION = YES;
				GCC_WARN_UNUSED_VARIABLE = YES;
				LOCALIZATION_PREFERS_STRING_CATALOGS = YES;
				MACOSX_DEPLOYMENT_TARGET = 15.5;
				MTL_ENABLE_DEBUG_INFO = INCLUDE_SOURCE;
				MTL_FAST_MATH = YES;
				ONLY_ACTIVE_ARCH = YES;
				SDKROOT = macosx;
				SWIFT_ACTIVE_COMPILATION_CONDITIONS = "DEBUG $(inherited)";
				SWIFT_OPTIMIZATION_LEVEL = "-Onone";
			};
			name = Debug;
		};
		C7BC6EC22E05AC160048470C /* Release */ = {
			isa = XCBuildConfiguration;
			buildSettings = {
				ALWAYS_SEARCH_USER_PATHS = NO;
				ASSETCATALOG_COMPILER_GENERATE_SWIFT_ASSET_SYMBOL_EXTENSIONS = YES;
				CLANG_ANALYZER_NONNULL = YES;
				CLANG_ANALYZER_NUMBER_OBJECT_CONVERSION = YES_AGGRESSIVE;
				CLANG_CXX_LANGUAGE_STANDARD = "gnu++20";
				CLANG_ENABLE_MODULES = YES;
				CLANG_ENABLE_OBJC_ARC = YES;
				CLANG_ENABLE_OBJC_WEAK = YES;
				CLANG_WARN_BLOCK_CAPTURE_AUTORELEASING = YES;
				CLANG_WARN_BOOL_CONVERSION = YES;
				CLANG_WARN_COMMA = YES;
				CLANG_WARN_CONSTANT_CONVERSION = YES;
				CLANG_WARN_DEPRECATED_OBJC_IMPLEMENTATIONS = YES;
				CLANG_WARN_DIRECT_OBJC_ISA_USAGE = YES_ERROR;
				CLANG_WARN_DOCUMENTATION_COMMENTS = YES;
				CLANG_WARN_EMPTY_BODY = YES;
				CLANG_WARN_ENUM_CONVERSION = YES;
				CLANG_WARN_INFINITE_RECURSION = YES;
				CLANG_WARN_INT_CONVERSION = YES;
				CLANG_WARN_NON_LITERAL_NULL_CONVERSION = YES;
				CLANG_WARN_OBJC_IMPLICIT_RETAIN_SELF = YES;
				CLANG_WARN_OBJC_LITERAL_CONVERSION = YES;
				CLANG_WARN_OBJC_ROOT_CLASS = YES_ERROR;
				CLANG_WARN_QUOTED_INCLUDE_IN_FRAMEWORK_HEADER = YES;
				CLANG_WARN_RANGE_LOOP_ANALYSIS = YES;
				CLANG_WARN_STRICT_PROTOTYPES = YES;
				CLANG_WARN_SUSPICIOUS_MOVE = YES;
				CLANG_WARN_UNGUARDED_AVAILABILITY = YES_AGGRESSIVE;
				CLANG_WARN_UNREACHABLE_CODE = YES;
				CLANG_WARN__DUPLICATE_METHOD_MATCH = YES;
				COPY_PHASE_STRIP = NO;
				DEBUG_INFORMATION_FORMAT = "dwarf-with-dsym";
				DEVELOPMENT_TEAM = RP5GZ99V95;
				ENABLE_NS_ASSERTIONS = NO;
				ENABLE_STRICT_OBJC_MSGSEND = YES;
				ENABLE_USER_SCRIPT_SANDBOXING = YES;
				GCC_C_LANGUAGE_STANDARD = gnu17;
				GCC_NO_COMMON_BLOCKS = YES;
				GCC_WARN_64_TO_32_BIT_CONVERSION = YES;
				GCC_WARN_ABOUT_RETURN_TYPE = YES_ERROR;
				GCC_WARN_UNDECLARED_SELECTOR = YES;
				GCC_WARN_UNINITIALIZED_AUTOS = YES_AGGRESSIVE;
				GCC_WARN_UNUSED_FUNCTION = YES;
				GCC_WARN_UNUSED_VARIABLE = YES;
				LOCALIZATION_PREFERS_STRING_CATALOGS = YES;
				MACOSX_DEPLOYMENT_TARGET = 15.5;
				MTL_ENABLE_DEBUG_INFO = NO;
				MTL_FAST_MATH = YES;
				SDKROOT = macosx;
				SWIFT_COMPILATION_MODE = wholemodule;
			};
			name = Release;
		};
		C7BC6EC42E05AC160048470C /* Debug */ = {
			isa = XCBuildConfiguration;
			buildSettings = {
				ASSETCATALOG_COMPILER_APPICON_NAME = AppIcon;
				ASSETCATALOG_COMPILER_GLOBAL_ACCENT_COLOR_NAME = AccentColor;
				CODE_SIGN_ENTITLEMENTS = copyGo/copyGo.entitlements;
				CODE_SIGN_STYLE = Automatic;
				COMBINE_HIDPI_IMAGES = YES;
				CURRENT_PROJECT_VERSION = 1;
				DEVELOPMENT_TEAM = RP5GZ99V95;
				ENABLE_HARDENED_RUNTIME = YES;
				ENABLE_PREVIEWS = YES;
				GENERATE_INFOPLIST_FILE = YES;
				INFOPLIST_KEY_NSHumanReadableCopyright = "";
				LD_RUNPATH_SEARCH_PATHS = (
					"$(inherited)",
					"@executable_path/../Frameworks",
				);
				MARKETING_VERSION = 1.0;
				PRODUCT_BUNDLE_IDENTIFIER = com.gojaehyun.copyGo;
				PRODUCT_NAME = "$(TARGET_NAME)";
				REGISTER_APP_GROUPS = YES;
				SWIFT_EMIT_LOC_STRINGS = YES;
				SWIFT_VERSION = 5.0;
			};
			name = Debug;
		};
		C7BC6EC52E05AC160048470C /* Release */ = {
			isa = XCBuildConfiguration;
			buildSettings = {
				ASSETCATALOG_COMPILER_APPICON_NAME = AppIcon;
				ASSETCATALOG_COMPILER_GLOBAL_ACCENT_COLOR_NAME = AccentColor;
				CODE_SIGN_ENTITLEMENTS = copyGo/copyGo.entitlements;
				CODE_SIGN_STYLE = Automatic;
				COMBINE_HIDPI_IMAGES = YES;
				CURRENT_PROJECT_VERSION = 1;
				DEVELOPMENT_TEAM = RP5GZ99V95;
				ENABLE_HARDENED_RUNTIME = YES;
				ENABLE_PREVIEWS = YES;
				GENERATE_INFOPLIST_FILE = YES;
				INFOPLIST_KEY_NSHumanReadableCopyright = "";
				LD_RUNPATH_SEARCH_PATHS = (
					"$(inherited)",
					"@executable_path/../Frameworks",
				);
				MARKETING_VERSION = 1.0;
				PRODUCT_BUNDLE_IDENTIFIER = com.gojaehyun.copyGo;
				PRODUCT_NAME = "$(TARGET_NAME)";
				REGISTER_APP_GROUPS = YES;
				SWIFT_EMIT_LOC_STRINGS = YES;
				SWIFT_VERSION = 5.0;
			};
			name = Release;
		};
		C7BC6EC72E05AC160048470C /* Debug */ = {
			isa = XCBuildConfiguration;
			buildSettings = {
				BUNDLE_LOADER = "$(TEST_HOST)";
				CODE_SIGN_STYLE = Automatic;
				CURRENT_PROJECT_VERSION = 1;
				DEVELOPMENT_TEAM = RP5GZ99V95;
				GENERATE_INFOPLIST_FILE = YES;
				MACOSX_DEPLOYMENT_TARGET = 15.5;
				MARKETING_VERSION = 1.0;
				PRODUCT_BUNDLE_IDENTIFIER = com.gojaehyun.copyGoTests;
				PRODUCT_NAME = "$(TARGET_NAME)";
				SWIFT_EMIT_LOC_STRINGS = NO;
				SWIFT_VERSION = 5.0;
				TEST_HOST = "$(BUILT_PRODUCTS_DIR)/copyGo.app/$(BUNDLE_EXECUTABLE_FOLDER_PATH)/copyGo";
			};
			name = Debug;
		};
		C7BC6EC82E05AC160048470C /* Release */ = {
			isa = XCBuildConfiguration;
			buildSettings = {
				BUNDLE_LOADER = "$(TEST_HOST)";
				CODE_SIGN_STYLE = Automatic;
				CURRENT_PROJECT_VERSION = 1;
				DEVELOPMENT_TEAM = RP5GZ99V95;
				GENERATE_INFOPLIST_FILE = YES;
				MACOSX_DEPLOYMENT_TARGET = 15.5;
				MARKETING_VERSION = 1.0;
				PRODUCT_BUNDLE_IDENTIFIER = com.gojaehyun.copyGoTests;
				PRODUCT_NAME = "$(TARGET_NAME)";
				SWIFT_EMIT_LOC_STRINGS = NO;
				SWIFT_VERSION = 5.0;
				TEST_HOST = "$(BUILT_PRODUCTS_DIR)/copyGo.app/$(BUNDLE_EXECUTABLE_FOLDER_PATH)/copyGo";
			};
			name = Release;
		};
		C7BC6ECA2E05AC160048470C /* Debug */ = {
			isa = XCBuildConfiguration;
			buildSettings = {
				CODE_SIGN_STYLE = Automatic;
				CURRENT_PROJECT_VERSION = 1;
				DEVELOPMENT_TEAM = RP5GZ99V95;
				GENERATE_INFOPLIST_FILE = YES;
				MARKETING_VERSION = 1.0;
				PRODUCT_BUNDLE_IDENTIFIER = com.gojaehyun.copyGoUITests;
				PRODUCT_NAME = "$(TARGET_NAME)";
				SWIFT_EMIT_LOC_STRINGS = NO;
				SWIFT_VERSION = 5.0;
				TEST_TARGET_NAME = copyGo;
			};
			name = Debug;
		};
		C7BC6ECB2E05AC160048470C /* Release */ = {
			isa = XCBuildConfiguration;
			buildSettings = {
				CODE_SIGN_STYLE = Automatic;
				CURRENT_PROJECT_VERSION = 1;
				DEVELOPMENT_TEAM = RP5GZ99V95;
				GENERATE_INFOPLIST_FILE = YES;
				MARKETING_VERSION = 1.0;
				PRODUCT_BUNDLE_IDENTIFIER = com.gojaehyun.copyGoUITests;
				PRODUCT_NAME = "$(TARGET_NAME)";
				SWIFT_EMIT_LOC_STRINGS = NO;
				SWIFT_VERSION = 5.0;
				TEST_TARGET_NAME = copyGo;
			};
			name = Release;
		};
/* End XCBuildConfiguration section */

/* Begin XCConfigurationList section */
		C7BC6E9C2E05AC140048470C /* Build configuration list for PBXProject "copyGo" */ = {
			isa = XCConfigurationList;
			buildConfigurations = (
				C7BC6EC12E05AC160048470C /* Debug */,
				C7BC6EC22E05AC160048470C /* Release */,
			);
			defaultConfigurationIsVisible = 0;
			defaultConfigurationName = Release;
		};
		C7BC6EC32E05AC160048470C /* Build configuration list for PBXNativeTarget "copyGo" */ = {
			isa = XCConfigurationList;
			buildConfigurations = (
				C7BC6EC42E05AC160048470C /* Debug */,
				C7BC6EC52E05AC160048470C /* Release */,
			);
			defaultConfigurationIsVisible = 0;
			defaultConfigurationName = Release;
		};
		C7BC6EC62E05AC160048470C /* Build configuration list for PBXNativeTarget "copyGoTests" */ = {
			isa = XCConfigurationList;
			buildConfigurations = (
				C7BC6EC72E05AC160048470C /* Debug */,
				C7BC6EC82E05AC160048470C /* Release */,
			);
			defaultConfigurationIsVisible = 0;
			defaultConfigurationName = Release;
		};
		C7BC6EC92E05AC160048470C /* Build configuration list for PBXNativeTarget "copyGoUITests" */ = {
			isa = XCConfigurationList;
			buildConfigurations = (
				C7BC6ECA2E05AC160048470C /* Debug */,
				C7BC6ECB2E05AC160048470C /* Release */,
			);
			defaultConfigurationIsVisible = 0;
			defaultConfigurationName = Release;
		};
/* End XCConfigurationList section */
	};
	rootObject = C7BC6E992E05AC140048470C /* Project object */;
}
